
Microsoft Visual Studio Solution File, Format Version 12.00
Project("{FAE04EC0-301F-11D3-BF4B-00C04F79EFBC}") = "NCronJobBugDemo1", "NCronJobBugDemo1\NCronJobBugDemo1.csproj", "{87F9721D-4398-4743-A21F-DB45628997CF}"
EndProject
Global
	GlobalSection(SolutionConfigurationPlatforms) = preSolution
		Debug|Any CPU = Debug|Any CPU
		Release|Any CPU = Release|Any CPU
	EndGlobalSection
	GlobalSection(ProjectConfigurationPlatforms) = postSolution
		{87F9721D-4398-4743-A21F-DB45628997CF}.Debug|Any CPU.ActiveCfg = Debug|Any CPU
		{87F9721D-4398-4743-A21F-DB45628997CF}.Debug|Any CPU.Build.0 = Debug|Any CPU
		{87F9721D-4398-4743-A21F-DB45628997CF}.Release|Any CPU.ActiveCfg = Release|Any CPU
		{87F9721D-4398-4743-A21F-DB45628997CF}.Release|Any CPU.Build.0 = Release|Any CPU
	EndGlobalSection
EndGlobal
